
Microsoft Visual Studio Solution File, Format Version 12.00
# Visual Studio Version 17
VisualStudioVersion = 17.13.35828.75 d17.13
MinimumVisualStudioVersion = 10.0.40219.1
Project("{FAE04EC0-301F-11D3-BF4B-00C04F79EFBC}") = "T1", "T1\T1.csproj", "{BE355A4B-C5E4-4948-9F2E-A09D7B0E425D}"
EndProject
Global
	GlobalSection(SolutionConfigurationPlatforms) = preSolution
		Debug|Any CPU = Debug|Any CPU
		Release|Any CPU = Release|Any CPU
	EndGlobalSection
	GlobalSection(ProjectConfigurationPlatforms) = postSolution
		{BE355A4B-C5E4-4948-9F2E-A09D7B0E425D}.Debug|Any CPU.ActiveCfg = Debug|Any CPU
		{BE355A4B-C5E4-4948-9F2E-A09D7B0E425D}.Debug|Any CPU.Build.0 = Debug|Any CPU
		{BE355A4B-C5E4-4948-9F2E-A09D7B0E425D}.Release|Any CPU.ActiveCfg = Release|Any CPU
		{BE355A4B-C5E4-4948-9F2E-A09D7B0E425D}.Release|Any CPU.Build.0 = Release|Any CPU
	EndGlobalSection
	GlobalSection(SolutionProperties) = preSolution
		HideSolutionNode = FALSE
	EndGlobalSection
	GlobalSection(ExtensibilityGlobals) = postSolution
		SolutionGuid = {D63CC00F-775E-4A9A-A396-3A70A1F1CACB}
	EndGlobalSection
EndGlobal
